github.com/bmizerany/assert v0.0.0-20160611221934-b7ed37b82869/go.mod h1:Ekp36dRnpXw/yCqJaO+ZrUyxD+3VXMFFr56k5XYrpB4=
github.com/juliangruber/go-intersect v1.1.0 h1:sc+y5dCjMMx0pAdYk/N6KBm00tD/f3tq+Iox7dYDUrY=
github.com/juliangruber/go-intersect v1.1.0/go.mod h1:WMau+1kAmnlQnKiikekNJbtGtfmILU/mMU6H7AgKbWQ=
github.com/kr/pretty v0.2.0/go.mod h1:ipq/a2n7PKx3OHsz4KJII5eveXtPO4qwEXGdVfWzfnI=
github.com/kr/pty v1.1.1/go.mod h1:pFQYn66WHrOpPYNljwOMqo10TkYh1fy3cYio2l3bCsQ=
github.com/kr/text v0.1.0/go.mod h1:4Jbv+DJW3UT/LiOwJeYQe1efqtUx/iVham/4vfdArNI=
